// !$*UTF8*$!
{
	archiveVersion = 1;
	classes = {
	};
	objectVersion = 46;
	objects = {

/* Begin PBXBuildFile section */
		61081D7E1B3C255200ADAFF8 /* InformationViewController.swift in Sources */ = {isa = PBXBuildFile; fileRef = 61081D7D1B3C255200ADAFF8 /* InformationViewController.swift */; };
		61081D801B3C46A600ADAFF8 /* json.swift in Sources */ = {isa = PBXBuildFile; fileRef = 61081D7F1B3C46A600ADAFF8 /* json.swift */; };
		61440D6A1B31C0A8009A6436 /* AppDelegate.swift in Sources */ = {isa = PBXBuildFile; fileRef = 61440D691B31C0A8009A6436 /* AppDelegate.swift */; };
		61440D6C1B31C0A8009A6436 /* TimerSettingViewController.swift in Sources */ = {isa = PBXBuildFile; fileRef = 61440D6B1B31C0A8009A6436 /* TimerSettingViewController.swift */; };
		61440D711B31C0A8009A6436 /* Images.xcassets in Resources */ = {isa = PBXBuildFile; fileRef = 61440D701B31C0A8009A6436 /* Images.xcassets */; };
		61440D741B31C0A8009A6436 /* LaunchScreen.xib in Resources */ = {isa = PBXBuildFile; fileRef = 61440D721B31C0A8009A6436 /* LaunchScreen.xib */; };
		61440D801B31C0A8009A6436 /* MorningTimerTests.swift in Sources */ = {isa = PBXBuildFile; fileRef = 61440D7F1B31C0A8009A6436 /* MorningTimerTests.swift */; };
		615F59C81B3D26AA00380FDE /* Main.storyboard in Resources */ = {isa = PBXBuildFile; fileRef = 615F59C71B3D26AA00380FDE /* Main.storyboard */; };
		615F59CA1B3D3BB500380FDE /* FinishViewController.swift in Sources */ = {isa = PBXBuildFile; fileRef = 615F59C91B3D3BB500380FDE /* FinishViewController.swift */; };
		619641DD1B31CBB000BEEC96 /* TimerSet.png in Resources */ = {isa = PBXBuildFile; fileRef = 619641DC1B31CBB000BEEC96 /* TimerSet.png */; };
		619EF8A71B33040B005820B1 /* AlermViewController.swift in Sources */ = {isa = PBXBuildFile; fileRef = 619EF8A61B33040B005820B1 /* AlermViewController.swift */; };
		61FCE94D1B36B52100524620 /* WaitViewController.swift in Sources */ = {isa = PBXBuildFile; fileRef = 61FCE94C1B36B52100524620 /* WaitViewController.swift */; };
		61FCE9511B37CE3700524620 /* School Bell Ringing.mp3 in Resources */ = {isa = PBXBuildFile; fileRef = 61FCE9501B37CE3700524620 /* School Bell Ringing.mp3 */; };
		61FCE9531B37CE4D00524620 /* アラーム.mp3 in Resources */ = {isa = PBXBuildFile; fileRef = 61FCE9521B37CE4D00524620 /* アラーム.mp3 */; };
		61FCE9551B37CE5C00524620 /* Forest.mp3 in Resources */ = {isa = PBXBuildFile; fileRef = 61FCE9541B37CE5C00524620 /* Forest.mp3 */; };
		61FCE9571B37CE7100524620 /* Hard Rain.mp3 in Resources */ = {isa = PBXBuildFile; fileRef = 61FCE9561B37CE7100524620 /* Hard Rain.mp3 */; };
		61FCE9591B37CE8A00524620 /* Clock Tick.mp3 in Resources */ = {isa = PBXBuildFile; fileRef = 61FCE9581B37CE8A00524620 /* Clock Tick.mp3 */; };
		61FCE95B1B37CEB700524620 /* カーン.mp3 in Resources */ = {isa = PBXBuildFile; fileRef = 61FCE95A1B37CEB700524620 /* カーン.mp3 */; };
		61FCE95D1B37E1A000524620 /* CountViewController.swift in Sources */ = {isa = PBXBuildFile; fileRef = 61FCE95C1B37E1A000524620 /* CountViewController.swift */; };
/* End PBXBuildFile section */

/* Begin PBXContainerItemProxy section */
		61440D7A1B31C0A8009A6436 /* PBXContainerItemProxy */ = {
			isa = PBXContainerItemProxy;
			containerPortal = 61440D5C1B31C0A8009A6436 /* Project object */;
			proxyType = 1;
			remoteGlobalIDString = 61440D631B31C0A8009A6436;
			remoteInfo = MorningTimer;
		};
/* End PBXContainerItemProxy section */

/* Begin PBXFileReference section */
		61081D7D1B3C255200ADAFF8 /* InformationViewController.swift */ = {isa = PBXFileReference; fileEncoding = 4; lastKnownFileType = sourcecode.swift; path = InformationViewController.swift; sourceTree = "<group>"; };
		61081D7F1B3C46A600ADAFF8 /* json.swift */ = {isa = PBXFileReference; fileEncoding = 4; lastKnownFileType = sourcecode.swift; path = json.swift; sourceTree = "<group>"; };
		61440D641B31C0A8009A6436 /* MorningTimer.app */ = {isa = PBXFileReference; explicitFileType = wrapper.application; includeInIndex = 0; path = MorningTimer.app; sourceTree = BUILT_PRODUCTS_DIR; };
		61440D681B31C0A8009A6436 /* Info.plist */ = {isa = PBXFileReference; lastKnownFileType = text.plist.xml; path = Info.plist; sourceTree = "<group>"; };
		61440D691B31C0A8009A6436 /* AppDelegate.swift */ = {isa = PBXFileReference; lastKnownFileType = sourcecode.swift; path = AppDelegate.swift; sourceTree = "<group>"; };
		61440D6B1B31C0A8009A6436 /* TimerSettingViewController.swift */ = {isa = PBXFileReference; lastKnownFileType = sourcecode.swift; path = TimerSettingViewController.swift; sourceTree = "<group>"; };
		61440D701B31C0A8009A6436 /* Images.xcassets */ = {isa = PBXFileReference; lastKnownFileType = folder.assetcatalog; path = Images.xcassets; sourceTree = "<group>"; };
		61440D731B31C0A8009A6436 /* Base */ = {isa = PBXFileReference; lastKnownFileType = file.xib; name = Base; path = Base.lproj/LaunchScreen.xib; sourceTree = "<group>"; };
		61440D791B31C0A8009A6436 /* MorningTimerTests.xctest */ = {isa = PBXFileReference; explicitFileType = wrapper.cfbundle; includeInIndex = 0; path = MorningTimerTests.xctest; sourceTree = BUILT_PRODUCTS_DIR; };
		61440D7E1B31C0A8009A6436 /* Info.plist */ = {isa = PBXFileReference; lastKnownFileType = text.plist.xml; path = Info.plist; sourceTree = "<group>"; };
		61440D7F1B31C0A8009A6436 /* MorningTimerTests.swift */ = {isa = PBXFileReference; lastKnownFileType = sourcecode.swift; path = MorningTimerTests.swift; sourceTree = "<group>"; };
		615F59C71B3D26AA00380FDE /* Main.storyboard */ = {isa = PBXFileReference; fileEncoding = 4; lastKnownFileType = file.storyboard; path = Main.storyboard; sourceTree = "<group>"; };
		615F59C91B3D3BB500380FDE /* FinishViewController.swift */ = {isa = PBXFileReference; fileEncoding = 4; lastKnownFileType = sourcecode.swift; path = FinishViewController.swift; sourceTree = "<group>"; };
		619641DC1B31CBB000BEEC96 /* TimerSet.png */ = {isa = PBXFileReference; lastKnownFileType = image.png; path = TimerSet.png; sourceTree = "<group>"; };
		619EF8A61B33040B005820B1 /* AlermViewController.swift */ = {isa = PBXFileReference; fileEncoding = 4; lastKnownFileType = sourcecode.swift; path = AlermViewController.swift; sourceTree = "<group>"; };
		61FCE94C1B36B52100524620 /* WaitViewController.swift */ = {isa = PBXFileReference; fileEncoding = 4; lastKnownFileType = sourcecode.swift; path = WaitViewController.swift; sourceTree = "<group>"; };
		61FCE9501B37CE3700524620 /* School Bell Ringing.mp3 */ = {isa = PBXFileReference; lastKnownFileType = audio.mp3; path = "School Bell Ringing.mp3"; sourceTree = "<group>"; };
		61FCE9521B37CE4D00524620 /* アラーム.mp3 */ = {isa = PBXFileReference; lastKnownFileType = audio.mp3; path = "アラーム.mp3"; sourceTree = "<group>"; };
		61FCE9541B37CE5C00524620 /* Forest.mp3 */ = {isa = PBXFileReference; lastKnownFileType = audio.mp3; path = Forest.mp3; sourceTree = "<group>"; };
		61FCE9561B37CE7100524620 /* Hard Rain.mp3 */ = {isa = PBXFileReference; lastKnownFileType = audio.mp3; path = "Hard Rain.mp3"; sourceTree = "<group>"; };
		61FCE9581B37CE8A00524620 /* Clock Tick.mp3 */ = {isa = PBXFileReference; lastKnownFileType = audio.mp3; path = "Clock Tick.mp3"; sourceTree = "<group>"; };
		61FCE95A1B37CEB700524620 /* カーン.mp3 */ = {isa = PBXFileReference; lastKnownFileType = audio.mp3; path = "カーン.mp3"; sourceTree = "<group>"; };
		61FCE95C1B37E1A000524620 /* CountViewController.swift */ = {isa = PBXFileReference; fileEncoding = 4; lastKnownFileType = sourcecode.swift; path = CountViewController.swift; sourceTree = "<group>"; };
/* End PBXFileReference section */

/* Begin PBXFrameworksBuildPhase section */
		61440D611B31C0A8009A6436 /* Frameworks */ = {
			isa = PBXFrameworksBuildPhase;
			buildActionMask = 2147483647;
			files = (
			);
			runOnlyForDeploymentPostprocessing = 0;
		};
		61440D761B31C0A8009A6436 /* Frameworks */ = {
			isa = PBXFrameworksBuildPhase;
			buildActionMask = 2147483647;
			files = (
			);
			runOnlyForDeploymentPostprocessing = 0;
		};
/* End PBXFrameworksBuildPhase section */

/* Begin PBXGroup section */
		61440D5B1B31C0A8009A6436 = {
			isa = PBXGroup;
			children = (
				61440D661B31C0A8009A6436 /* MorningTimer */,
				61440D7C1B31C0A8009A6436 /* MorningTimerTests */,
				61440D651B31C0A8009A6436 /* Products */,
			);
			sourceTree = "<group>";
		};
		61440D651B31C0A8009A6436 /* Products */ = {
			isa = PBXGroup;
			children = (
				61440D641B31C0A8009A6436 /* MorningTimer.app */,
				61440D791B31C0A8009A6436 /* MorningTimerTests.xctest */,
			);
			name = Products;
			sourceTree = "<group>";
		};
		61440D661B31C0A8009A6436 /* MorningTimer */ = {
			isa = PBXGroup;
			children = (
				61440D691B31C0A8009A6436 /* AppDelegate.swift */,
				61440D6B1B31C0A8009A6436 /* TimerSettingViewController.swift */,
				61FCE94C1B36B52100524620 /* WaitViewController.swift */,
				619EF8A61B33040B005820B1 /* AlermViewController.swift */,
				61FCE95C1B37E1A000524620 /* CountViewController.swift */,
				61081D7D1B3C255200ADAFF8 /* InformationViewController.swift */,
				615F59C91B3D3BB500380FDE /* FinishViewController.swift */,
				615F59C71B3D26AA00380FDE /* Main.storyboard */,
				61081D7F1B3C46A600ADAFF8 /* json.swift */,
				61FCE9521B37CE4D00524620 /* アラーム.mp3 */,
				61FCE9501B37CE3700524620 /* School Bell Ringing.mp3 */,
				61FCE9541B37CE5C00524620 /* Forest.mp3 */,
				61FCE9561B37CE7100524620 /* Hard Rain.mp3 */,
				61FCE9581B37CE8A00524620 /* Clock Tick.mp3 */,
				61FCE95A1B37CEB700524620 /* カーン.mp3 */,
				619641DC1B31CBB000BEEC96 /* TimerSet.png */,
				61440D701B31C0A8009A6436 /* Images.xcassets */,
				61440D721B31C0A8009A6436 /* LaunchScreen.xib */,
				61440D671B31C0A8009A6436 /* Supporting Files */,
			);
			path = MorningTimer;
			sourceTree = "<group>";
		};
		61440D671B31C0A8009A6436 /* Supporting Files */ = {
			isa = PBXGroup;
			children = (
				61440D681B31C0A8009A6436 /* Info.plist */,
			);
			name = "Supporting Files";
			sourceTree = "<group>";
		};
		61440D7C1B31C0A8009A6436 /* MorningTimerTests */ = {
			isa = PBXGroup;
			children = (
				61440D7F1B31C0A8009A6436 /* MorningTimerTests.swift */,
				61440D7D1B31C0A8009A6436 /* Supporting Files */,
			);
			path = MorningTimerTests;
			sourceTree = "<group>";
		};
		61440D7D1B31C0A8009A6436 /* Supporting Files */ = {
			isa = PBXGroup;
			children = (
				61440D7E1B31C0A8009A6436 /* Info.plist */,
			);
			name = "Supporting Files";
			sourceTree = "<group>";
		};
/* End PBXGroup section */

/* Begin PBXNativeTarget section */
		61440D631B31C0A8009A6436 /* MorningTimer */ = {
			isa = PBXNativeTarget;
			buildConfigurationList = 61440D831B31C0A8009A6436 /* Build configuration list for PBXNativeTarget "MorningTimer" */;
			buildPhases = (
				61440D601B31C0A8009A6436 /* Sources */,
				61440D611B31C0A8009A6436 /* Frameworks */,
				61440D621B31C0A8009A6436 /* Resources */,
			);
			buildRules = (
			);
			dependencies = (
			);
			name = MorningTimer;
			productName = MorningTimer;
			productReference = 61440D641B31C0A8009A6436 /* MorningTimer.app */;
			productType = "com.apple.product-type.application";
		};
		61440D781B31C0A8009A6436 /* MorningTimerTests */ = {
			isa = PBXNativeTarget;
			buildConfigurationList = 61440D861B31C0A8009A6436 /* Build configuration list for PBXNativeTarget "MorningTimerTests" */;
			buildPhases = (
				61440D751B31C0A8009A6436 /* Sources */,
				61440D761B31C0A8009A6436 /* Frameworks */,
				61440D771B31C0A8009A6436 /* Resources */,
			);
			buildRules = (
			);
			dependencies = (
				61440D7B1B31C0A8009A6436 /* PBXTargetDependency */,
			);
			name = MorningTimerTests;
			productName = MorningTimerTests;
			productReference = 61440D791B31C0A8009A6436 /* MorningTimerTests.xctest */;
			productType = "com.apple.product-type.bundle.unit-test";
		};
/* End PBXNativeTarget section */

/* Begin PBXProject section */
		61440D5C1B31C0A8009A6436 /* Project object */ = {
			isa = PBXProject;
			attributes = {
				LastUpgradeCheck = 0630;
				ORGANIZATIONNAME = "yuki takei";
				TargetAttributes = {
					61440D631B31C0A8009A6436 = {
						CreatedOnToolsVersion = 6.3.1;
						SystemCapabilities = {
							com.apple.BackgroundModes = {
								enabled = 1;
							};
						};
					};
					61440D781B31C0A8009A6436 = {
						CreatedOnToolsVersion = 6.3.1;
						TestTargetID = 61440D631B31C0A8009A6436;
					};
				};
			};
			buildConfigurationList = 61440D5F1B31C0A8009A6436 /* Build configuration list for PBXProject "MorningTimer" */;
			compatibilityVersion = "Xcode 3.2";
			developmentRegion = English;
			hasScannedForEncodings = 0;
			knownRegions = (
				en,
				Base,
			);
			mainGroup = 61440D5B1B31C0A8009A6436;
			productRefGroup = 61440D651B31C0A8009A6436 /* Products */;
			projectDirPath = "";
			projectRoot = "";
			targets = (
				61440D631B31C0A8009A6436 /* MorningTimer */,
				61440D781B31C0A8009A6436 /* MorningTimerTests */,
			);
		};
/* End PBXProject section */

/* Begin PBXResourcesBuildPhase section */
		61440D621B31C0A8009A6436 /* Resources */ = {
			isa = PBXResourcesBuildPhase;
			buildActionMask = 2147483647;
			files = (
				619641DD1B31CBB000BEEC96 /* TimerSet.png in Resources */,
				615F59C81B3D26AA00380FDE /* Main.storyboard in Resources */,
				61FCE95B1B37CEB700524620 /* カーン.mp3 in Resources */,
				61440D741B31C0A8009A6436 /* LaunchScreen.xib in Resources */,
				61FCE9551B37CE5C00524620 /* Forest.mp3 in Resources */,
				61FCE9591B37CE8A00524620 /* Clock Tick.mp3 in Resources */,
				61FCE9571B37CE7100524620 /* Hard Rain.mp3 in Resources */,
				61FCE9511B37CE3700524620 /* School Bell Ringing.mp3 in Resources */,
				61440D711B31C0A8009A6436 /* Images.xcassets in Resources */,
				61FCE9531B37CE4D00524620 /* アラーム.mp3 in Resources */,
			);
			runOnlyForDeploymentPostprocessing = 0;
		};
		61440D771B31C0A8009A6436 /* Resources */ = {
			isa = PBXResourcesBuildPhase;
			buildActionMask = 2147483647;
			files = (
			);
			runOnlyForDeploymentPostprocessing = 0;
		};
/* End PBXResourcesBuildPhase section */

/* Begin PBXSourcesBuildPhase section */
		61440D601B31C0A8009A6436 /* Sources */ = {
			isa = PBXSourcesBuildPhase;
			buildActionMask = 2147483647;
			files = (
				619EF8A71B33040B005820B1 /* AlermViewController.swift in Sources */,
				61440D6C1B31C0A8009A6436 /* TimerSettingViewController.swift in Sources */,
				61440D6A1B31C0A8009A6436 /* AppDelegate.swift in Sources */,
				61081D801B3C46A600ADAFF8 /* json.swift in Sources */,
				61FCE94D1B36B52100524620 /* WaitViewController.swift in Sources */,
				615F59CA1B3D3BB500380FDE /* FinishViewController.swift in Sources */,
				61FCE95D1B37E1A000524620 /* CountViewController.swift in Sources */,
				61081D7E1B3C255200ADAFF8 /* InformationViewController.swift in Sources */,
			);
			runOnlyForDeploymentPostprocessing = 0;
		};
		61440D751B31C0A8009A6436 /* Sources */ = {
			isa = PBXSourcesBuildPhase;
			buildActionMask = 2147483647;
			files = (
				61440D801B31C0A8009A6436 /* MorningTimerTests.swift in Sources */,
			);
			runOnlyForDeploymentPostprocessing = 0;
		};
/* End PBXSourcesBuildPhase section */

/* Begin PBXTargetDependency section */
		61440D7B1B31C0A8009A6436 /* PBXTargetDependency */ = {
			isa = PBXTargetDependency;
			target = 61440D631B31C0A8009A6436 /* MorningTimer */;
			targetProxy = 61440D7A1B31C0A8009A6436 /* PBXContainerItemProxy */;
		};
/* End PBXTargetDependency section */

/* Begin PBXVariantGroup section */
		61440D721B31C0A8009A6436 /* LaunchScreen.xib */ = {
			isa = PBXVariantGroup;
			children = (
				61440D731B31C0A8009A6436 /* Base */,
			);
			name = LaunchScreen.xib;
			sourceTree = "<group>";
		};
/* End PBXVariantGroup section */

/* Begin XCBuildConfiguration section */
		61440D811B31C0A8009A6436 /* Debug */ = {
			isa = XCBuildConfiguration;
			buildSettings = {
				ALWAYS_SEARCH_USER_PATHS = NO;
				CLANG_CXX_LANGUAGE_STANDARD = "gnu++0x";
				CLANG_CXX_LIBRARY = "libc++";
				CLANG_ENABLE_MODULES = YES;
				CLANG_ENABLE_OBJC_ARC = YES;
				CLANG_WARN_BOOL_CONVERSION = YES;
				CLANG_WARN_CONSTANT_CONVERSION = YES;
				CLANG_WARN_DIRECT_OBJC_ISA_USAGE = YES_ERROR;
				CLANG_WARN_EMPTY_BODY = YES;
				CLANG_WARN_ENUM_CONVERSION = YES;
				CLANG_WARN_INT_CONVERSION = YES;
				CLANG_WARN_OBJC_ROOT_CLASS = YES_ERROR;
				CLANG_WARN_UNREACHABLE_CODE = YES;
				CLANG_WARN__DUPLICATE_METHOD_MATCH = YES;
				"CODE_SIGN_IDENTITY[sdk=iphoneos*]" = "iPhone Developer";
				COPY_PHASE_STRIP = NO;
				DEBUG_INFORMATION_FORMAT = "dwarf-with-dsym";
				ENABLE_STRICT_OBJC_MSGSEND = YES;
				GCC_C_LANGUAGE_STANDARD = gnu99;
				GCC_DYNAMIC_NO_PIC = NO;
				GCC_NO_COMMON_BLOCKS = YES;
				GCC_OPTIMIZATION_LEVEL = 0;
				GCC_PREPROCESSOR_DEFINITIONS = (
					"DEBUG=1",
					"$(inherited)",
				);
				GCC_SYMBOLS_PRIVATE_EXTERN = NO;
				GCC_WARN_64_TO_32_BIT_CONVERSION = YES;
				GCC_WARN_ABOUT_RETURN_TYPE = YES_ERROR;
				GCC_WARN_UNDECLARED_SELECTOR = YES;
				GCC_WARN_UNINITIALIZED_AUTOS = YES_AGGRESSIVE;
				GCC_WARN_UNUSED_FUNCTION = YES;
				GCC_WARN_UNUSED_VARIABLE = YES;
				IPHONEOS_DEPLOYMENT_TARGET = 8.3;
				MTL_ENABLE_DEBUG_INFO = YES;
				ONLY_ACTIVE_ARCH = YES;
				SDKROOT = iphoneos;
				SWIFT_OPTIMIZATION_LEVEL = "-Onone";
			};
			name = Debug;
		};
		61440D821B31C0A8009A6436 /* Release */ = {
			isa = XCBuildConfiguration;
			buildSettings = {
				ALWAYS_SEARCH_USER_PATHS = NO;
				CLANG_CXX_LANGUAGE_STANDARD = "gnu++0x";
				CLANG_CXX_LIBRARY = "libc++";
				CLANG_ENABLE_MODULES = YES;
				CLANG_ENABLE_OBJC_ARC = YES;
				CLANG_WARN_BOOL_CONVERSION = YES;
				CLANG_WARN_CONSTANT_CONVERSION = YES;
				CLANG_WARN_DIRECT_OBJC_ISA_USAGE = YES_ERROR;
				CLANG_WARN_EMPTY_BODY = YES;
				CLANG_WARN_ENUM_CONVERSION = YES;
				CLANG_WARN_INT_CONVERSION = YES;
				CLANG_WARN_OBJC_ROOT_CLASS = YES_ERROR;
				CLANG_WARN_UNREACHABLE_CODE = YES;
				CLANG_WARN__DUPLICATE_METHOD_MATCH = YES;
				"CODE_SIGN_IDENTITY[sdk=iphoneos*]" = "iPhone Developer";
				COPY_PHASE_STRIP = NO;
				DEBUG_INFORMATION_FORMAT = "dwarf-with-dsym";
				ENABLE_NS_ASSERTIONS = NO;
				ENABLE_STRICT_OBJC_MSGSEND = YES;
				GCC_C_LANGUAGE_STANDARD = gnu99;
				GCC_NO_COMMON_BLOCKS = YES;
				GCC_WARN_64_TO_32_BIT_CONVERSION = YES;
				GCC_WARN_ABOUT_RETURN_TYPE = YES_ERROR;
				GCC_WARN_UNDECLARED_SELECTOR = YES;
				GCC_WARN_UNINITIALIZED_AUTOS = YES_AGGRESSIVE;
				GCC_WARN_UNUSED_FUNCTION = YES;
				GCC_WARN_UNUSED_VARIABLE = YES;
				IPHONEOS_DEPLOYMENT_TARGET = 8.3;
				MTL_ENABLE_DEBUG_INFO = NO;
				SDKROOT = iphoneos;
				VALIDATE_PRODUCT = YES;
			};
			name = Release;
		};
		61440D841B31C0A8009A6436 /* Debug */ = {
			isa = XCBuildConfiguration;
			buildSettings = {
				ASSETCATALOG_COMPILER_APPICON_NAME = AppIcon;
				INFOPLIST_FILE = MorningTimer/Info.plist;
				LD_RUNPATH_SEARCH_PATHS = "$(inherited) @executable_path/Frameworks";
				PRODUCT_NAME = "$(TARGET_NAME)";
			};
			name = Debug;
		};
		61440D851B31C0A8009A6436 /* Release */ = {
			isa = XCBuildConfiguration;
			buildSettings = {
				ASSETCATALOG_COMPILER_APPICON_NAME = AppIcon;
				INFOPLIST_FILE = MorningTimer/Info.plist;
				LD_RUNPATH_SEARCH_PATHS = "$(inherited) @executable_path/Frameworks";
				PRODUCT_NAME = "$(TARGET_NAME)";
			};
			name = Release;
		};
		61440D871B31C0A8009A6436 /* Debug */ = {
			isa = XCBuildConfiguration;
			buildSettings = {
				BUNDLE_LOADER = "$(TEST_HOST)";
				FRAMEWORK_SEARCH_PATHS = (
					"$(SDKROOT)/Developer/Library/Frameworks",
					"$(inherited)",
				);
				GCC_PREPROCESSOR_DEFINITIONS = (
					"DEBUG=1",
					"$(inherited)",
				);
				INFOPLIST_FILE = MorningTimerTests/Info.plist;
				LD_RUNPATH_SEARCH_PATHS = "$(inherited) @executable_path/Frameworks @loader_path/Frameworks";
				PRODUCT_NAME = "$(TARGET_NAME)";
				TEST_HOST = "$(BUILT_PRODUCTS_DIR)/MorningTimer.app/MorningTimer";
			};
			name = Debug;
		};
		61440D881B31C0A8009A6436 /* Release */ = {
			isa = XCBuildConfiguration;
			buildSettings = {
				BUNDLE_LOADER = "$(TEST_HOST)";
				FRAMEWORK_SEARCH_PATHS = (
					"$(SDKROOT)/Developer/Library/Frameworks",
					"$(inherited)",
				);
				INFOPLIST_FILE = MorningTimerTests/Info.plist;
				LD_RUNPATH_SEARCH_PATHS = "$(inherited) @executable_path/Frameworks @loader_path/Frameworks";
				PRODUCT_NAME = "$(TARGET_NAME)";
				TEST_HOST = "$(BUILT_PRODUCTS_DIR)/MorningTimer.app/MorningTimer";
			};
			name = Release;
		};
/* End XCBuildConfiguration section */

/* Begin XCConfigurationList section */
		61440D5F1B31C0A8009A6436 /* Build configuration list for PBXProject "MorningTimer" */ = {
			isa = XCConfigurationList;
			buildConfigurations = (
				61440D811B31C0A8009A6436 /* Debug */,
				61440D821B31C0A8009A6436 /* Release */,
			);
			defaultConfigurationIsVisible = 0;
			defaultConfigurationName = Release;
		};
		61440D831B31C0A8009A6436 /* Build configuration list for PBXNativeTarget "MorningTimer" */ = {
			isa = XCConfigurationList;
			buildConfigurations = (
				61440D841B31C0A8009A6436 /* Debug */,
				61440D851B31C0A8009A6436 /* Release */,
			);
			defaultConfigurationIsVisible = 0;
			defaultConfigurationName = Release;
		};
		61440D861B31C0A8009A6436 /* Build configuration list for PBXNativeTarget "MorningTimerTests" */ = {
			isa = XCConfigurationList;
			buildConfigurations = (
				61440D871B31C0A8009A6436 /* Debug */,
				61440D881B31C0A8009A6436 /* Release */,
			);
			defaultConfigurationIsVisible = 0;
			defaultConfigurationName = Release;
		};
/* End XCConfigurationList section */
	};
	rootObject = 61440D5C1B31C0A8009A6436 /* Project object */;
}
